
Microsoft Visual Studio Solution File, Format Version 12.00
# Visual Studio 15
VisualStudioVersion = 15.0.26403.3
MinimumVisualStudioVersion = 10.0.40219.1
Project("{FAE04EC0-301F-11D3-BF4B-00C04F79EFBC}") = "game", "game\game.csproj", "{ECF371AE-BDF8-4547-AF42-A083272480CF}"
EndProject
Global
	GlobalSection(SolutionConfigurationPlatforms) = preSolution
		Debug|ARM = Debug|ARM
		Debug|x64 = Debug|x64
		Debug|x86 = Debug|x86
		Release|ARM = Release|ARM
		Release|x64 = Release|x64
		Release|x86 = Release|x86
	EndGlobalSection
	GlobalSection(ProjectConfigurationPlatforms) = postSolution
		{ECF371AE-BDF8-4547-AF42-A083272480CF}.Debug|ARM.ActiveCfg = Debug|ARM
		{ECF371AE-BDF8-4547-AF42-A083272480CF}.Debug|ARM.Build.0 = Debug|ARM
		{ECF371AE-BDF8-4547-AF42-A083272480CF}.Debug|ARM.Deploy.0 = Debug|ARM
		{ECF371AE-BDF8-4547-AF42-A083272480CF}.Debug|x64.ActiveCfg = Debug|x64
		{ECF371AE-BDF8-4547-AF42-A083272480CF}.Debug|x64.Build.0 = Debug|x64
		{ECF371AE-BDF8-4547-AF42-A083272480CF}.Debug|x64.Deploy.0 = Debug|x64
		{ECF371AE-BDF8-4547-AF42-A083272480CF}.Debug|x86.ActiveCfg = Debug|x86
		{ECF371AE-BDF8-4547-AF42-A083272480CF}.Debug|x86.Build.0 = Debug|x86
		{ECF371AE-BDF8-4547-AF42-A083272480CF}.Debug|x86.Deploy.0 = Debug|x86
		{ECF371AE-BDF8-4547-AF42-A083272480CF}.Release|ARM.ActiveCfg = Release|ARM
		{ECF371AE-BDF8-4547-AF42-A083272480CF}.Release|ARM.Build.0 = Release|ARM
		{ECF371AE-BDF8-4547-AF42-A083272480CF}.Release|ARM.Deploy.0 = Release|ARM
		{ECF371AE-BDF8-4547-AF42-A083272480CF}.Release|x64.ActiveCfg = Release|x64
		{ECF371AE-BDF8-4547-AF42-A083272480CF}.Release|x64.Build.0 = Release|x64
		{ECF371AE-BDF8-4547-AF42-A083272480CF}.Release|x64.Deploy.0 = Release|x64
		{ECF371AE-BDF8-4547-AF42-A083272480CF}.Release|x86.ActiveCfg = Release|x86
		{ECF371AE-BDF8-4547-AF42-A083272480CF}.Release|x86.Build.0 = Release|x86
		{ECF371AE-BDF8-4547-AF42-A083272480CF}.Release|x86.Deploy.0 = Release|x86
	EndGlobalSection
	GlobalSection(SolutionProperties) = preSolution
		HideSolutionNode = FALSE
	EndGlobalSection
EndGlobal
