
Microsoft Visual Studio Solution File, Format Version 12.00
# Visual Studio 15
VisualStudioVersion = 15.0.26403.3
MinimumVisualStudioVersion = 10.0.40219.1
Project("{FAE04EC0-301F-11D3-BF4B-00C04F79EFBC}") = "RiseOfMitra", "RiseOfMitra\RiseOfMitra.csproj", "{0AC94DF4-D9D1-4F93-A1CC-D55B74BCFDCC}"
EndProject
Global
	GlobalSection(SolutionConfigurationPlatforms) = preSolution
		Debug|Any CPU = Debug|Any CPU
		Release|Any CPU = Release|Any CPU
	EndGlobalSection
	GlobalSection(ProjectConfigurationPlatforms) = postSolution
		{0AC94DF4-D9D1-4F93-A1CC-D55B74BCFDCC}.Debug|Any CPU.ActiveCfg = Debug|Any CPU
		{0AC94DF4-D9D1-4F93-A1CC-D55B74BCFDCC}.Debug|Any CPU.Build.0 = Debug|Any CPU
		{0AC94DF4-D9D1-4F93-A1CC-D55B74BCFDCC}.Release|Any CPU.ActiveCfg = Release|Any CPU
		{0AC94DF4-D9D1-4F93-A1CC-D55B74BCFDCC}.Release|Any CPU.Build.0 = Release|Any CPU
	EndGlobalSection
	GlobalSection(SolutionProperties) = preSolution
		HideSolutionNode = FALSE
	EndGlobalSection
EndGlobal
